
Microsoft Visual Studio Solution File, Format Version 12.00
# Visual Studio Version 17
VisualStudioVersion = 17.14.36203.30 d17.14
MinimumVisualStudioVersion = 10.0.40219.1
Project("{FAE04EC0-301F-11D3-BF4B-00C04F79EFBC}") = "MyConsoleApp", "MyConsoleApp\MyConsoleApp.csproj", "{190A4156-993D-4F31-A03F-2358CC93B76E}"
EndProject
Global
	GlobalSection(SolutionConfigurationPlatforms) = preSolution
		Debug|Any CPU = Debug|Any CPU
		Release|Any CPU = Release|Any CPU
	EndGlobalSection
	GlobalSection(ProjectConfigurationPlatforms) = postSolution
		{190A4156-993D-4F31-A03F-2358CC93B76E}.Debug|Any CPU.ActiveCfg = Debug|Any CPU
		{190A4156-993D-4F31-A03F-2358CC93B76E}.Debug|Any CPU.Build.0 = Debug|Any CPU
		{190A4156-993D-4F31-A03F-2358CC93B76E}.Release|Any CPU.ActiveCfg = Release|Any CPU
		{190A4156-993D-4F31-A03F-2358CC93B76E}.Release|Any CPU.Build.0 = Release|Any CPU
	EndGlobalSection
	GlobalSection(SolutionProperties) = preSolution
		HideSolutionNode = FALSE
	EndGlobalSection
	GlobalSection(ExtensibilityGlobals) = postSolution
		SolutionGuid = {769B62A3-C58B-4CED-A056-6789DB874F21}
	EndGlobalSection
EndGlobal
